
Microsoft Visual Studio Solution File, Format Version 12.00
# Visual Studio Version 17
VisualStudioVersion = 17.12.35323.107
MinimumVisualStudioVersion = 10.0.40219.1
Project("{FAE04EC0-301F-11D3-BF4B-00C04F79EFBC}") = "GitHubMarkdownEditor", "GitHubMarkdownEditor.csproj", "{570CC260-9103-49F9-8E76-C53C0A5E239A}"
EndProject
Global
	GlobalSection(SolutionConfigurationPlatforms) = preSolution
		Debug|Any CPU = Debug|Any CPU
		Release|Any CPU = Release|Any CPU
	EndGlobalSection
	GlobalSection(ProjectConfigurationPlatforms) = postSolution
		{570CC260-9103-49F9-8E76-C53C0A5E239A}.Debug|Any CPU.ActiveCfg = Debug|Any CPU
		{570CC260-9103-49F9-8E76-C53C0A5E239A}.Debug|Any CPU.Build.0 = Debug|Any CPU
		{570CC260-9103-49F9-8E76-C53C0A5E239A}.Release|Any CPU.ActiveCfg = Release|Any CPU
		{570CC260-9103-49F9-8E76-C53C0A5E239A}.Release|Any CPU.Build.0 = Release|Any CPU
	EndGlobalSection
	GlobalSection(SolutionProperties) = preSolution
		HideSolutionNode = FALSE
	EndGlobalSection
	GlobalSection(ExtensibilityGlobals) = postSolution
		SolutionGuid = {79638B05-E5AE-49B0-A251-42D71C06637A}
	EndGlobalSection
EndGlobal
